<?xml version="1.0" encoding="utf-8"?>
<Project ToolsVersion="4.0" xmlns="http://schemas.microsoft.com/developer/msbuild/2003">
  <ItemGroup>
    <Filter Include="app">
      <UniqueIdentifier>{665E880B-D267-887C-5BE3-9E7CC7EB937C}</UniqueIdentifier>
    </Filter>
    <Filter Include="gfx">
      <UniqueIdentifier>{AA76880B-1680-887C-9FFB-9E7C0B04947C}</UniqueIdentifier>
    </Filter>
    <Filter Include="lib">
      <UniqueIdentifier>{3C8C880B-A895-887C-3111-9F7C9D19947C}</UniqueIdentifier>
    </Filter>
    <Filter Include="sys">
      <UniqueIdentifier>{24AC880B-90B5-887C-1931-9F7C8539947C}</UniqueIdentifier>
    </Filter>
  </ItemGroup>
  <ItemGroup>
    <ClInclude Include="src\gametool.hpp" />
    <ClInclude Include="src\gfx.hpp" />
    <ClInclude Include="src\lib.hpp" />
    <ClInclude Include="src\sys.hpp" />
    <ClInclude Include="src\gfx\gfx_engine.hpp" />
    <ClInclude Include="src\lib\lib_engine.hpp" />
    <ClInclude Include="src\lib\lib_single.hpp" />
    <ClInclude Include="src\lib\lib_event.hpp" />
    <ClInclude Include="src\cfg.hpp" />
    <ClInclude Include="src\cfg\cfg_debug.hpp" />
    <ClInclude Include="src\cfg\cfg_memory.hpp" />
    <ClInclude Include="src\cfg\cfg_number.hpp" />
    <ClInclude Include="src\cfg\cfg_string.hpp" />
    <ClInclude Include="src\cfg\cfg_tools.hpp" />
    <ClInclude Include="src\sys\sys_cursor.hpp" />
    <ClInclude Include="src\sys\sys_engine.hpp" />
    <ClInclude Include="src\sys\sys_keybod.hpp" />
    <ClInclude Include="src\sys\sys_window.hpp" />
    <ClInclude Include="src\app\app_engine.hpp" />
    <ClInclude Include="src\app.hpp" />
    <ClInclude Include="src\lib\lib_vector.hpp" />
    <ClInclude Include="src\lib\lib_matrix.hpp" />
    <ClInclude Include="src\app\app_estate.hpp" />
    <ClInclude Include="src\ecs\ecs_engine.hpp" />
    <ClInclude Include="src\lib\lib_type.hpp" />
    <ClInclude Include="src\gui\gui_engine.hpp" />
    <ClInclude Include="src\gui.hpp" />
    <ClInclude Include="src\app\app_hotkey.hpp" />
    <ClInclude Include="src\ecs.hpp" />
    <ClInclude Include="src\lib\lib_time.hpp" />
    <ClInclude Include="src\cfg\cfg_gfx.hpp" />
    <ClInclude Include="src\gfx\gfx_lib.hpp" />
    <ClInclude Include="src\lib\lib_file.hpp" />
    <ClInclude Include="src\ecs\ecs_lib.hpp" />
    <ClInclude Include="src\fsx\fsx_engine.hpp" />
    <ClInclude Include="src\fsx\fsx_lib.hpp" />
    <ClInclude Include="src\fsx.hpp" />
    <ClInclude Include="src\gfx\gfx_data.hpp" />
    <ClInclude Include="src\gui\gui_tool.hpp" />
  </ItemGroup>
  <ItemGroup>
    <ClCompile Include="src\gametool.cpp" />
    <ClCompile Include="src\gfx\gfx_engine.cpp" />
    <ClCompile Include="src\sys\sys_cursor.cpp" />
    <ClCompile Include="src\sys\sys_engine.cpp" />
    <ClCompile Include="src\sys\sys_keybod.cpp" />
    <ClCompile Include="src\sys\sys_window.cpp" />
    <ClCompile Include="src\app\app_engine.cpp" />
    <ClCompile Include="src\app\app_estate.cpp" />
    <ClCompile Include="src\ecs\ecs_engine.cpp" />
    <ClCompile Include="src\gui\gui_engine.cpp" />
    <ClCompile Include="src\app\app_hotkey.cpp" />
    <ClCompile Include="src\cfg\cfg_gfx.cpp" />
    <ClCompile Include="src\gfx\gfx_lib.cpp" />
    <ClCompile Include="src\fsx\fsx_engine.cpp" />
    <ClCompile Include="src\fsx\fsx_lib.cpp" />
    <ClCompile Include="src\gui\gui_tool.cpp" />
  </ItemGroup>
  <ItemGroup>
    <None Include="src\.keep" />
    <None Include="src\app\.keep">
      <Filter>app</Filter>
    </None>
    <None Include="src\gfx\.keep">
      <Filter>gfx</Filter>
    </None>
    <None Include="src\lib\.keep">
      <Filter>lib</Filter>
    </None>
    <None Include="src\sys\.keep">
      <Filter>sys</Filter>
    </None>
    <None Include="src\cfg\.keep" />
    <None Include="rsc\glsl\sprites_vtx.glsl" />
    <None Include="rsc\glsl\sprites_pxl.glsl" />
    <None Include="rsc\glsl\sprites_gmt.glsl" />
    <None Include="src\fsx\.keep" />
  </ItemGroup>
</Project>