<?xml version="1.0" encoding="utf-8"?>
<Project ToolsVersion="4.0" xmlns="http://schemas.microsoft.com/developer/msbuild/2003">
  <ItemGroup>
    <Filter Include="app">
      <UniqueIdentifier>{665E880B-D267-887C-5BE3-9E7CC7EB937C}</UniqueIdentifier>
    </Filter>
    <Filter Include="gfx">
      <UniqueIdentifier>{AA76880B-1680-887C-9FFB-9E7C0B04947C}</UniqueIdentifier>
    </Filter>
    <Filter Include="lib">
      <UniqueIdentifier>{3C8C880B-A895-887C-3111-9F7C9D19947C}</UniqueIdentifier>
    </Filter>
    <Filter Include="sys">
      <UniqueIdentifier>{24AC880B-90B5-887C-1931-9F7C8539947C}</UniqueIdentifier>
    </Filter>
  </ItemGroup>
  <ItemGroup>
    <ClInclude Include="src\gametool.hpp" />
    <ClInclude Include="src\gfx.hpp" />
    <ClInclude Include="src\lib.hpp" />
    <ClInclude Include="src\sys.hpp" />
  </ItemGroup>
  <ItemGroup>
    <ClCompile Include="src\gametool.cpp" />
    <ClCompile Include="src\gfx.cpp" />
    <ClCompile Include="src\lib.cpp" />
    <ClCompile Include="src\sys.cpp" />
  </ItemGroup>
  <ItemGroup>
    <None Include="src\.keep" />
    <None Include="src\app\.keep">
      <Filter>app</Filter>
    </None>
    <None Include="src\gfx\.keep">
      <Filter>gfx</Filter>
    </None>
    <None Include="src\lib\.keep">
      <Filter>lib</Filter>
    </None>
    <None Include="src\sys\.keep">
      <Filter>sys</Filter>
    </None>
  </ItemGroup>
</Project>